
Microsoft Visual Studio Solution File, Format Version 12.00
# Visual Studio Version 17
VisualStudioVersion = 17.5.33530.505
MinimumVisualStudioVersion = 10.0.40219.1
Project("{FAE04EC0-301F-11D3-BF4B-00C04F79EFBC}") = "ITDepartmentTask.pl", "ITDepartmentTask\ITDepartmentTask.pl.csproj", "{D145B4D4-48CD-403B-8D9F-22632DA13B2C}"
EndProject
Project("{FAE04EC0-301F-11D3-BF4B-00C04F79EFBC}") = "ITDepartmentTask.Dal", "ITDepartmentTask.Dal\ITDepartmentTask.Dal.csproj", "{0129D962-39BF-4CED-BB84-98E0755AEAD1}"
EndProject
Project("{FAE04EC0-301F-11D3-BF4B-00C04F79EFBC}") = "ITDepartmentTask.Bll", "ITDepartmentTask.Bll\ITDepartmentTask.Bll.csproj", "{268F23AE-3E56-4DB7-B43F-EC8590F802D7}"
EndProject
Global
	GlobalSection(SolutionConfigurationPlatforms) = preSolution
		Debug|Any CPU = Debug|Any CPU
		Release|Any CPU = Release|Any CPU
	EndGlobalSection
	GlobalSection(ProjectConfigurationPlatforms) = postSolution
		{D145B4D4-48CD-403B-8D9F-22632DA13B2C}.Debug|Any CPU.ActiveCfg = Debug|Any CPU
		{D145B4D4-48CD-403B-8D9F-22632DA13B2C}.Debug|Any CPU.Build.0 = Debug|Any CPU
		{D145B4D4-48CD-403B-8D9F-22632DA13B2C}.Release|Any CPU.ActiveCfg = Release|Any CPU
		{D145B4D4-48CD-403B-8D9F-22632DA13B2C}.Release|Any CPU.Build.0 = Release|Any CPU
		{0129D962-39BF-4CED-BB84-98E0755AEAD1}.Debug|Any CPU.ActiveCfg = Debug|Any CPU
		{0129D962-39BF-4CED-BB84-98E0755AEAD1}.Debug|Any CPU.Build.0 = Debug|Any CPU
		{0129D962-39BF-4CED-BB84-98E0755AEAD1}.Release|Any CPU.ActiveCfg = Release|Any CPU
		{0129D962-39BF-4CED-BB84-98E0755AEAD1}.Release|Any CPU.Build.0 = Release|Any CPU
		{268F23AE-3E56-4DB7-B43F-EC8590F802D7}.Debug|Any CPU.ActiveCfg = Debug|Any CPU
		{268F23AE-3E56-4DB7-B43F-EC8590F802D7}.Debug|Any CPU.Build.0 = Debug|Any CPU
		{268F23AE-3E56-4DB7-B43F-EC8590F802D7}.Release|Any CPU.ActiveCfg = Release|Any CPU
		{268F23AE-3E56-4DB7-B43F-EC8590F802D7}.Release|Any CPU.Build.0 = Release|Any CPU
	EndGlobalSection
	GlobalSection(SolutionProperties) = preSolution
		HideSolutionNode = FALSE
	EndGlobalSection
	GlobalSection(ExtensibilityGlobals) = postSolution
		SolutionGuid = {CAEBA6D7-D27A-413D-9219-8A2843700FC0}
	EndGlobalSection
EndGlobal
